// !$*UTF8*$!
{
	archiveVersion = 1;
	classes = {
	};
	objectVersion = 46;
	objects = {

/* Begin PBXBuildFile section */
		27F9BDFF1B444E5500657E09 /* main.m in Sources */ = {isa = PBXBuildFile; fileRef = 27F9BDFE1B444E5500657E09 /* main.m */; };
		27F9BE021B444E5500657E09 /* AppDelegate.m in Sources */ = {isa = PBXBuildFile; fileRef = 27F9BE011B444E5500657E09 /* AppDelegate.m */; };
		27F9BE051B444E5500657E09 /* ViewController.m in Sources */ = {isa = PBXBuildFile; fileRef = 27F9BE041B444E5500657E09 /* ViewController.m */; };
		27F9BE081B444E5500657E09 /* Main.storyboard in Resources */ = {isa = PBXBuildFile; fileRef = 27F9BE061B444E5500657E09 /* Main.storyboard */; };
		27F9BE0A1B444E5500657E09 /* Images.xcassets in Resources */ = {isa = PBXBuildFile; fileRef = 27F9BE091B444E5500657E09 /* Images.xcassets */; };
		27F9BE0D1B444E5500657E09 /* LaunchScreen.xib in Resources */ = {isa = PBXBuildFile; fileRef = 27F9BE0B1B444E5500657E09 /* LaunchScreen.xib */; };
		27F9BE191B444E5500657E09 /* RottenMangoesTests.m in Sources */ = {isa = PBXBuildFile; fileRef = 27F9BE181B444E5500657E09 /* RottenMangoesTests.m */; };
/* End PBXBuildFile section */

/* Begin PBXContainerItemProxy section */
		27F9BE131B444E5500657E09 /* PBXContainerItemProxy */ = {
			isa = PBXContainerItemProxy;
			containerPortal = 27F9BDF11B444E5500657E09 /* Project object */;
			proxyType = 1;
			remoteGlobalIDString = 27F9BDF81B444E5500657E09;
			remoteInfo = RottenMangoes;
		};
/* End PBXContainerItemProxy section */

/* Begin PBXFileReference section */
		27F9BDF91B444E5500657E09 /* RottenMangoes.app */ = {isa = PBXFileReference; explicitFileType = wrapper.application; includeInIndex = 0; path = RottenMangoes.app; sourceTree = BUILT_PRODUCTS_DIR; };
		27F9BDFD1B444E5500657E09 /* Info.plist */ = {isa = PBXFileReference; lastKnownFileType = text.plist.xml; path = Info.plist; sourceTree = "<group>"; };
		27F9BDFE1B444E5500657E09 /* main.m */ = {isa = PBXFileReference; lastKnownFileType = sourcecode.c.objc; path = main.m; sourceTree = "<group>"; };
		27F9BE001B444E5500657E09 /* AppDelegate.h */ = {isa = PBXFileReference; lastKnownFileType = sourcecode.c.h; path = AppDelegate.h; sourceTree = "<group>"; };
		27F9BE011B444E5500657E09 /* AppDelegate.m */ = {isa = PBXFileReference; lastKnownFileType = sourcecode.c.objc; path = AppDelegate.m; sourceTree = "<group>"; };
		27F9BE031B444E5500657E09 /* ViewController.h */ = {isa = PBXFileReference; lastKnownFileType = sourcecode.c.h; path = ViewController.h; sourceTree = "<group>"; };
		27F9BE041B444E5500657E09 /* ViewController.m */ = {isa = PBXFileReference; lastKnownFileType = sourcecode.c.objc; path = ViewController.m; sourceTree = "<group>"; };
		27F9BE071B444E5500657E09 /* Base */ = {isa = PBXFileReference; lastKnownFileType = file.storyboard; name = Base; path = Base.lproj/Main.storyboard; sourceTree = "<group>"; };
		27F9BE091B444E5500657E09 /* Images.xcassets */ = {isa = PBXFileReference; lastKnownFileType = folder.assetcatalog; path = Images.xcassets; sourceTree = "<group>"; };
		27F9BE0C1B444E5500657E09 /* Base */ = {isa = PBXFileReference; lastKnownFileType = file.xib; name = Base; path = Base.lproj/LaunchScreen.xib; sourceTree = "<group>"; };
		27F9BE121B444E5500657E09 /* RottenMangoesTests.xctest */ = {isa = PBXFileReference; explicitFileType = wrapper.cfbundle; includeInIndex = 0; path = RottenMangoesTests.xctest; sourceTree = BUILT_PRODUCTS_DIR; };
		27F9BE171B444E5500657E09 /* Info.plist */ = {isa = PBXFileReference; lastKnownFileType = text.plist.xml; path = Info.plist; sourceTree = "<group>"; };
		27F9BE181B444E5500657E09 /* RottenMangoesTests.m */ = {isa = PBXFileReference; lastKnownFileType = sourcecode.c.objc; path = RottenMangoesTests.m; sourceTree = "<group>"; };
/* End PBXFileReference section */

/* Begin PBXFrameworksBuildPhase section */
		27F9BDF61B444E5500657E09 /* Frameworks */ = {
			isa = PBXFrameworksBuildPhase;
			buildActionMask = 2147483647;
			files = (
			);
			runOnlyForDeploymentPostprocessing = 0;
		};
		27F9BE0F1B444E5500657E09 /* Frameworks */ = {
			isa = PBXFrameworksBuildPhase;
			buildActionMask = 2147483647;
			files = (
			);
			runOnlyForDeploymentPostprocessing = 0;
		};
/* End PBXFrameworksBuildPhase section */

/* Begin PBXGroup section */
		27F9BDF01B444E5500657E09 = {
			isa = PBXGroup;
			children = (
				27F9BDFB1B444E5500657E09 /* RottenMangoes */,
				27F9BE151B444E5500657E09 /* RottenMangoesTests */,
				27F9BDFA1B444E5500657E09 /* Products */,
			);
			sourceTree = "<group>";
		};
		27F9BDFA1B444E5500657E09 /* Products */ = {
			isa = PBXGroup;
			children = (
				27F9BDF91B444E5500657E09 /* RottenMangoes.app */,
				27F9BE121B444E5500657E09 /* RottenMangoesTests.xctest */,
			);
			name = Products;
			sourceTree = "<group>";
		};
		27F9BDFB1B444E5500657E09 /* RottenMangoes */ = {
			isa = PBXGroup;
			children = (
				27F9BE001B444E5500657E09 /* AppDelegate.h */,
				27F9BE011B444E5500657E09 /* AppDelegate.m */,
				27F9BE031B444E5500657E09 /* ViewController.h */,
				27F9BE041B444E5500657E09 /* ViewController.m */,
				27F9BE061B444E5500657E09 /* Main.storyboard */,
				27F9BE091B444E5500657E09 /* Images.xcassets */,
				27F9BE0B1B444E5500657E09 /* LaunchScreen.xib */,
				27F9BDFC1B444E5500657E09 /* Supporting Files */,
			);
			path = RottenMangoes;
			sourceTree = "<group>";
		};
		27F9BDFC1B444E5500657E09 /* Supporting Files */ = {
			isa = PBXGroup;
			children = (
				27F9BDFD1B444E5500657E09 /* Info.plist */,
				27F9BDFE1B444E5500657E09 /* main.m */,
			);
			name = "Supporting Files";
			sourceTree = "<group>";
		};
		27F9BE151B444E5500657E09 /* RottenMangoesTests */ = {
			isa = PBXGroup;
			children = (
				27F9BE181B444E5500657E09 /* RottenMangoesTests.m */,
				27F9BE161B444E5500657E09 /* Supporting Files */,
			);
			path = RottenMangoesTests;
			sourceTree = "<group>";
		};
		27F9BE161B444E5500657E09 /* Supporting Files */ = {
			isa = PBXGroup;
			children = (
				27F9BE171B444E5500657E09 /* Info.plist */,
			);
			name = "Supporting Files";
			sourceTree = "<group>";
		};
/* End PBXGroup section */

/* Begin PBXNativeTarget section */
		27F9BDF81B444E5500657E09 /* RottenMangoes */ = {
			isa = PBXNativeTarget;
			buildConfigurationList = 27F9BE1C1B444E5500657E09 /* Build configuration list for PBXNativeTarget "RottenMangoes" */;
			buildPhases = (
				27F9BDF51B444E5500657E09 /* Sources */,
				27F9BDF61B444E5500657E09 /* Frameworks */,
				27F9BDF71B444E5500657E09 /* Resources */,
			);
			buildRules = (
			);
			dependencies = (
			);
			name = RottenMangoes;
			productName = RottenMangoes;
			productReference = 27F9BDF91B444E5500657E09 /* RottenMangoes.app */;
			productType = "com.apple.product-type.application";
		};
		27F9BE111B444E5500657E09 /* RottenMangoesTests */ = {
			isa = PBXNativeTarget;
			buildConfigurationList = 27F9BE1F1B444E5500657E09 /* Build configuration list for PBXNativeTarget "RottenMangoesTests" */;
			buildPhases = (
				27F9BE0E1B444E5500657E09 /* Sources */,
				27F9BE0F1B444E5500657E09 /* Frameworks */,
				27F9BE101B444E5500657E09 /* Resources */,
			);
			buildRules = (
			);
			dependencies = (
				27F9BE141B444E5500657E09 /* PBXTargetDependency */,
			);
			name = RottenMangoesTests;
			productName = RottenMangoesTests;
			productReference = 27F9BE121B444E5500657E09 /* RottenMangoesTests.xctest */;
			productType = "com.apple.product-type.bundle.unit-test";
		};
/* End PBXNativeTarget section */

/* Begin PBXProject section */
		27F9BDF11B444E5500657E09 /* Project object */ = {
			isa = PBXProject;
			attributes = {
				LastUpgradeCheck = 0630;
				ORGANIZATIONNAME = "Josh Endter";
				TargetAttributes = {
					27F9BDF81B444E5500657E09 = {
						CreatedOnToolsVersion = 6.3;
					};
					27F9BE111B444E5500657E09 = {
						CreatedOnToolsVersion = 6.3;
						TestTargetID = 27F9BDF81B444E5500657E09;
					};
				};
			};
			buildConfigurationList = 27F9BDF41B444E5500657E09 /* Build configuration list for PBXProject "RottenMangoes" */;
			compatibilityVersion = "Xcode 3.2";
			developmentRegion = English;
			hasScannedForEncodings = 0;
			knownRegions = (
				en,
				Base,
			);
			mainGroup = 27F9BDF01B444E5500657E09;
			productRefGroup = 27F9BDFA1B444E5500657E09 /* Products */;
			projectDirPath = "";
			projectRoot = "";
			targets = (
				27F9BDF81B444E5500657E09 /* RottenMangoes */,
				27F9BE111B444E5500657E09 /* RottenMangoesTests */,
			);
		};
/* End PBXProject section */

/* Begin PBXResourcesBuildPhase section */
		27F9BDF71B444E5500657E09 /* Resources */ = {
			isa = PBXResourcesBuildPhase;
			buildActionMask = 2147483647;
			files = (
				27F9BE081B444E5500657E09 /* Main.storyboard in Resources */,
				27F9BE0D1B444E5500657E09 /* LaunchScreen.xib in Resources */,
				27F9BE0A1B444E5500657E09 /* Images.xcassets in Resources */,
			);
			runOnlyForDeploymentPostprocessing = 0;
		};
		27F9BE101B444E5500657E09 /* Resources */ = {
			isa = PBXResourcesBuildPhase;
			buildActionMask = 2147483647;
			files = (
			);
			runOnlyForDeploymentPostprocessing = 0;
		};
/* End PBXResourcesBuildPhase section */

/* Begin PBXSourcesBuildPhase section */
		27F9BDF51B444E5500657E09 /* Sources */ = {
			isa = PBXSourcesBuildPhase;
			buildActionMask = 2147483647;
			files = (
				27F9BE051B444E5500657E09 /* ViewController.m in Sources */,
				27F9BE021B444E5500657E09 /* AppDelegate.m in Sources */,
				27F9BDFF1B444E5500657E09 /* main.m in Sources */,
			);
			runOnlyForDeploymentPostprocessing = 0;
		};
		27F9BE0E1B444E5500657E09 /* Sources */ = {
			isa = PBXSourcesBuildPhase;
			buildActionMask = 2147483647;
			files = (
				27F9BE191B444E5500657E09 /* RottenMangoesTests.m in Sources */,
			);
			runOnlyForDeploymentPostprocessing = 0;
		};
/* End PBXSourcesBuildPhase section */

/* Begin PBXTargetDependency section */
		27F9BE141B444E5500657E09 /* PBXTargetDependency */ = {
			isa = PBXTargetDependency;
			target = 27F9BDF81B444E5500657E09 /* RottenMangoes */;
			targetProxy = 27F9BE131B444E5500657E09 /* PBXContainerItemProxy */;
		};
/* End PBXTargetDependency section */

/* Begin PBXVariantGroup section */
		27F9BE061B444E5500657E09 /* Main.storyboard */ = {
			isa = PBXVariantGroup;
			children = (
				27F9BE071B444E5500657E09 /* Base */,
			);
			name = Main.storyboard;
			sourceTree = "<group>";
		};
		27F9BE0B1B444E5500657E09 /* LaunchScreen.xib */ = {
			isa = PBXVariantGroup;
			children = (
				27F9BE0C1B444E5500657E09 /* Base */,
			);
			name = LaunchScreen.xib;
			sourceTree = "<group>";
		};
/* End PBXVariantGroup section */

/* Begin XCBuildConfiguration section */
		27F9BE1A1B444E5500657E09 /* Debug */ = {
			isa = XCBuildConfiguration;
			buildSettings = {
				ALWAYS_SEARCH_USER_PATHS = NO;
				CLANG_CXX_LANGUAGE_STANDARD = "gnu++0x";
				CLANG_CXX_LIBRARY = "libc++";
				CLANG_ENABLE_MODULES = YES;
				CLANG_ENABLE_OBJC_ARC = YES;
				CLANG_WARN_BOOL_CONVERSION = YES;
				CLANG_WARN_CONSTANT_CONVERSION = YES;
				CLANG_WARN_DIRECT_OBJC_ISA_USAGE = YES_ERROR;
				CLANG_WARN_EMPTY_BODY = YES;
				CLANG_WARN_ENUM_CONVERSION = YES;
				CLANG_WARN_INT_CONVERSION = YES;
				CLANG_WARN_OBJC_ROOT_CLASS = YES_ERROR;
				CLANG_WARN_UNREACHABLE_CODE = YES;
				CLANG_WARN__DUPLICATE_METHOD_MATCH = YES;
				"CODE_SIGN_IDENTITY[sdk=iphoneos*]" = "iPhone Developer";
				COPY_PHASE_STRIP = NO;
				DEBUG_INFORMATION_FORMAT = "dwarf-with-dsym";
				ENABLE_STRICT_OBJC_MSGSEND = YES;
				GCC_C_LANGUAGE_STANDARD = gnu99;
				GCC_DYNAMIC_NO_PIC = NO;
				GCC_NO_COMMON_BLOCKS = YES;
				GCC_OPTIMIZATION_LEVEL = 0;
				GCC_PREPROCESSOR_DEFINITIONS = (
					"DEBUG=1",
					"$(inherited)",
				);
				GCC_SYMBOLS_PRIVATE_EXTERN = NO;
				GCC_WARN_64_TO_32_BIT_CONVERSION = YES;
				GCC_WARN_ABOUT_RETURN_TYPE = YES_ERROR;
				GCC_WARN_UNDECLARED_SELECTOR = YES;
				GCC_WARN_UNINITIALIZED_AUTOS = YES_AGGRESSIVE;
				GCC_WARN_UNUSED_FUNCTION = YES;
				GCC_WARN_UNUSED_VARIABLE = YES;
				IPHONEOS_DEPLOYMENT_TARGET = 8.3;
				MTL_ENABLE_DEBUG_INFO = YES;
				ONLY_ACTIVE_ARCH = YES;
				SDKROOT = iphoneos;
			};
			name = Debug;
		};
		27F9BE1B1B444E5500657E09 /* Release */ = {
			isa = XCBuildConfiguration;
			buildSettings = {
				ALWAYS_SEARCH_USER_PATHS = NO;
				CLANG_CXX_LANGUAGE_STANDARD = "gnu++0x";
				CLANG_CXX_LIBRARY = "libc++";
				CLANG_ENABLE_MODULES = YES;
				CLANG_ENABLE_OBJC_ARC = YES;
				CLANG_WARN_BOOL_CONVERSION = YES;
				CLANG_WARN_CONSTANT_CONVERSION = YES;
				CLANG_WARN_DIRECT_OBJC_ISA_USAGE = YES_ERROR;
				CLANG_WARN_EMPTY_BODY = YES;
				CLANG_WARN_ENUM_CONVERSION = YES;
				CLANG_WARN_INT_CONVERSION = YES;
				CLANG_WARN_OBJC_ROOT_CLASS = YES_ERROR;
				CLANG_WARN_UNREACHABLE_CODE = YES;
				CLANG_WARN__DUPLICATE_METHOD_MATCH = YES;
				"CODE_SIGN_IDENTITY[sdk=iphoneos*]" = "iPhone Developer";
				COPY_PHASE_STRIP = NO;
				DEBUG_INFORMATION_FORMAT = "dwarf-with-dsym";
				ENABLE_NS_ASSERTIONS = NO;
				ENABLE_STRICT_OBJC_MSGSEND = YES;
				GCC_C_LANGUAGE_STANDARD = gnu99;
				GCC_NO_COMMON_BLOCKS = YES;
				GCC_WARN_64_TO_32_BIT_CONVERSION = YES;
				GCC_WARN_ABOUT_RETURN_TYPE = YES_ERROR;
				GCC_WARN_UNDECLARED_SELECTOR = YES;
				GCC_WARN_UNINITIALIZED_AUTOS = YES_AGGRESSIVE;
				GCC_WARN_UNUSED_FUNCTION = YES;
				GCC_WARN_UNUSED_VARIABLE = YES;
				IPHONEOS_DEPLOYMENT_TARGET = 8.3;
				MTL_ENABLE_DEBUG_INFO = NO;
				SDKROOT = iphoneos;
				VALIDATE_PRODUCT = YES;
			};
			name = Release;
		};
		27F9BE1D1B444E5500657E09 /* Debug */ = {
			isa = XCBuildConfiguration;
			buildSettings = {
				ASSETCATALOG_COMPILER_APPICON_NAME = AppIcon;
				INFOPLIST_FILE = RottenMangoes/Info.plist;
				LD_RUNPATH_SEARCH_PATHS = "$(inherited) @executable_path/Frameworks";
				PRODUCT_NAME = "$(TARGET_NAME)";
			};
			name = Debug;
		};
		27F9BE1E1B444E5500657E09 /* Release */ = {
			isa = XCBuildConfiguration;
			buildSettings = {
				ASSETCATALOG_COMPILER_APPICON_NAME = AppIcon;
				INFOPLIST_FILE = RottenMangoes/Info.plist;
				LD_RUNPATH_SEARCH_PATHS = "$(inherited) @executable_path/Frameworks";
				PRODUCT_NAME = "$(TARGET_NAME)";
			};
			name = Release;
		};
		27F9BE201B444E5500657E09 /* Debug */ = {
			isa = XCBuildConfiguration;
			buildSettings = {
				BUNDLE_LOADER = "$(TEST_HOST)";
				FRAMEWORK_SEARCH_PATHS = (
					"$(SDKROOT)/Developer/Library/Frameworks",
					"$(inherited)",
				);
				GCC_PREPROCESSOR_DEFINITIONS = (
					"DEBUG=1",
					"$(inherited)",
				);
				INFOPLIST_FILE = RottenMangoesTests/Info.plist;
				LD_RUNPATH_SEARCH_PATHS = "$(inherited) @executable_path/Frameworks @loader_path/Frameworks";
				PRODUCT_NAME = "$(TARGET_NAME)";
				TEST_HOST = "$(BUILT_PRODUCTS_DIR)/RottenMangoes.app/RottenMangoes";
			};
			name = Debug;
		};
		27F9BE211B444E5500657E09 /* Release */ = {
			isa = XCBuildConfiguration;
			buildSettings = {
				BUNDLE_LOADER = "$(TEST_HOST)";
				FRAMEWORK_SEARCH_PATHS = (
					"$(SDKROOT)/Developer/Library/Frameworks",
					"$(inherited)",
				);
				INFOPLIST_FILE = RottenMangoesTests/Info.plist;
				LD_RUNPATH_SEARCH_PATHS = "$(inherited) @executable_path/Frameworks @loader_path/Frameworks";
				PRODUCT_NAME = "$(TARGET_NAME)";
				TEST_HOST = "$(BUILT_PRODUCTS_DIR)/RottenMangoes.app/RottenMangoes";
			};
			name = Release;
		};
/* End XCBuildConfiguration section */

/* Begin XCConfigurationList section */
		27F9BDF41B444E5500657E09 /* Build configuration list for PBXProject "RottenMangoes" */ = {
			isa = XCConfigurationList;
			buildConfigurations = (
				27F9BE1A1B444E5500657E09 /* Debug */,
				27F9BE1B1B444E5500657E09 /* Release */,
			);
			defaultConfigurationIsVisible = 0;
			defaultConfigurationName = Release;
		};
		27F9BE1C1B444E5500657E09 /* Build configuration list for PBXNativeTarget "RottenMangoes" */ = {
			isa = XCConfigurationList;
			buildConfigurations = (
				27F9BE1D1B444E5500657E09 /* Debug */,
				27F9BE1E1B444E5500657E09 /* Release */,
			);
			defaultConfigurationIsVisible = 0;
		};
		27F9BE1F1B444E5500657E09 /* Build configuration list for PBXNativeTarget "RottenMangoesTests" */ = {
			isa = XCConfigurationList;
			buildConfigurations = (
				27F9BE201B444E5500657E09 /* Debug */,
				27F9BE211B444E5500657E09 /* Release */,
			);
			defaultConfigurationIsVisible = 0;
		};
/* End XCConfigurationList section */
	};
	rootObject = 27F9BDF11B444E5500657E09 /* Project object */;
}
